
Microsoft Visual Studio Solution File, Format Version 12.00
# Visual Studio Version 17
VisualStudioVersion = 17.1.31911.260
MinimumVisualStudioVersion = 10.0.40219.1
Project("{9A19103F-16F7-4668-BE54-9A1E7A4F7556}") = "cdkManager.Tests", "cdkManager.Tests\cdkManager.Tests.csproj", "{29D969D9-8177-4307-972B-565BF95289D1}"
EndProject
Project("{9A19103F-16F7-4668-BE54-9A1E7A4F7556}") = "cdkManager.Data", "cdkManager.Data\cdkManager.Data.csproj", "{D4C9EB76-7E8D-452A-A082-F8D9BF940A55}"
EndProject
Project("{9A19103F-16F7-4668-BE54-9A1E7A4F7556}") = "cdkManager.Models", "cdkManager.Models\cdkManager.Models.csproj", "{3D95F994-C186-4DC2-8AA4-8362483E0F5B}"
EndProject
Project("{9A19103F-16F7-4668-BE54-9A1E7A4F7556}") = "cdkManager.Services", "cdkManager.Services\cdkManager.Services.csproj", "{55F35E36-FDCE-4783-ADC5-F936666A1EDB}"
EndProject
Project("{9A19103F-16F7-4668-BE54-9A1E7A4F7556}") = "cdkManager", "cdkManager\cdkManager.csproj", "{56732C9F-E1A0-4C84-AA61-F738F4CCD774}"
EndProject
Global
	GlobalSection(SolutionConfigurationPlatforms) = preSolution
		Debug|Any CPU = Debug|Any CPU
		Release|Any CPU = Release|Any CPU
	EndGlobalSection
	GlobalSection(ProjectConfigurationPlatforms) = postSolution
		{29D969D9-8177-4307-972B-565BF95289D1}.Debug|Any CPU.ActiveCfg = Debug|Any CPU
		{29D969D9-8177-4307-972B-565BF95289D1}.Debug|Any CPU.Build.0 = Debug|Any CPU
		{29D969D9-8177-4307-972B-565BF95289D1}.Release|Any CPU.ActiveCfg = Release|Any CPU
		{29D969D9-8177-4307-972B-565BF95289D1}.Release|Any CPU.Build.0 = Release|Any CPU
		{D4C9EB76-7E8D-452A-A082-F8D9BF940A55}.Debug|Any CPU.ActiveCfg = Debug|Any CPU
		{D4C9EB76-7E8D-452A-A082-F8D9BF940A55}.Debug|Any CPU.Build.0 = Debug|Any CPU
		{D4C9EB76-7E8D-452A-A082-F8D9BF940A55}.Release|Any CPU.ActiveCfg = Release|Any CPU
		{D4C9EB76-7E8D-452A-A082-F8D9BF940A55}.Release|Any CPU.Build.0 = Release|Any CPU
		{3D95F994-C186-4DC2-8AA4-8362483E0F5B}.Debug|Any CPU.ActiveCfg = Debug|Any CPU
		{3D95F994-C186-4DC2-8AA4-8362483E0F5B}.Debug|Any CPU.Build.0 = Debug|Any CPU
		{3D95F994-C186-4DC2-8AA4-8362483E0F5B}.Release|Any CPU.ActiveCfg = Release|Any CPU
		{3D95F994-C186-4DC2-8AA4-8362483E0F5B}.Release|Any CPU.Build.0 = Release|Any CPU
		{55F35E36-FDCE-4783-ADC5-F936666A1EDB}.Debug|Any CPU.ActiveCfg = Debug|Any CPU
		{55F35E36-FDCE-4783-ADC5-F936666A1EDB}.Debug|Any CPU.Build.0 = Debug|Any CPU
		{55F35E36-FDCE-4783-ADC5-F936666A1EDB}.Release|Any CPU.ActiveCfg = Release|Any CPU
		{55F35E36-FDCE-4783-ADC5-F936666A1EDB}.Release|Any CPU.Build.0 = Release|Any CPU
		{56732C9F-E1A0-4C84-AA61-F738F4CCD774}.Debug|Any CPU.ActiveCfg = Debug|Any CPU
		{56732C9F-E1A0-4C84-AA61-F738F4CCD774}.Debug|Any CPU.Build.0 = Debug|Any CPU
		{56732C9F-E1A0-4C84-AA61-F738F4CCD774}.Release|Any CPU.ActiveCfg = Release|Any CPU
		{56732C9F-E1A0-4C84-AA61-F738F4CCD774}.Release|Any CPU.Build.0 = Release|Any CPU
	EndGlobalSection
	GlobalSection(SolutionProperties) = preSolution
		HideSolutionNode = FALSE
	EndGlobalSection
	GlobalSection(ExtensibilityGlobals) = postSolution
		SolutionGuid = {C5918D7A-BF26-4332-875F-FD29CCB5594F}
	EndGlobalSection
EndGlobal
